// !$*UTF8*$!
{
	archiveVersion = 1;
	classes = {
	};
	objectVersion = 56;
	objects = {

/* Begin PBXBuildFile section */
		0607061E2AAB185D00A83D97 /* ProductDetailView.swift in Sources */ = {isa = PBXBuildFile; fileRef = 0607061D2AAB185D00A83D97 /* ProductDetailView.swift */; };
		06241E6B2AAC579800D44A1D /* NetworkError.swift in Sources */ = {isa = PBXBuildFile; fileRef = 06241E6A2AAC579800D44A1D /* NetworkError.swift */; };
		06241E6E2AAC5DD600D44A1D /* URLRequestBuilder in Frameworks */ = {isa = PBXBuildFile; productRef = 06241E6D2AAC5DD600D44A1D /* URLRequestBuilder */; };
		06241E702AAC5E6600D44A1D /* EndPoints.swift in Sources */ = {isa = PBXBuildFile; fileRef = 06241E6F2AAC5E6600D44A1D /* EndPoints.swift */; };
		06241E732AAC5EB400D44A1D /* Config.swift in Sources */ = {isa = PBXBuildFile; fileRef = 06241E722AAC5EB400D44A1D /* Config.swift */; };
		06241E7A2AAC83E900D44A1D /* NetworkMonitor.swift in Sources */ = {isa = PBXBuildFile; fileRef = 06241E792AAC83E900D44A1D /* NetworkMonitor.swift */; };
		06241E7C2AAC84C600D44A1D /* NoInternetView.swift in Sources */ = {isa = PBXBuildFile; fileRef = 06241E7B2AAC84C600D44A1D /* NoInternetView.swift */; };
		06241E802AAC995D00D44A1D /* NoInternetEnvKey.swift in Sources */ = {isa = PBXBuildFile; fileRef = 06241E7F2AAC995D00D44A1D /* NoInternetEnvKey.swift */; };
		06354A232AA272A7002FBC91 /* NetworkImage in Frameworks */ = {isa = PBXBuildFile; productRef = 06354A222AA272A7002FBC91 /* NetworkImage */; };
		0663015C2AA25FE600CAFD55 /* PreviewLoader.swift in Sources */ = {isa = PBXBuildFile; fileRef = 0663015B2AA25FE600CAFD55 /* PreviewLoader.swift */; };
		0663015F2AA2600700CAFD55 /* MockDataBuilder in Frameworks */ = {isa = PBXBuildFile; productRef = 0663015E2AA2600700CAFD55 /* MockDataBuilder */; };
		06644E442AA20F8000479AF6 /* ProductListView.swift in Sources */ = {isa = PBXBuildFile; fileRef = 06644E432AA20F8000479AF6 /* ProductListView.swift */; };
		06644E462AA2115100479AF6 /* Image+extension.swift in Sources */ = {isa = PBXBuildFile; fileRef = 06644E452AA2115100479AF6 /* Image+extension.swift */; };
		06644E482AA211D900479AF6 /* View+extension.swift in Sources */ = {isa = PBXBuildFile; fileRef = 06644E472AA211D900479AF6 /* View+extension.swift */; };
		06644E4C2AA225B400479AF6 /* ProductRow.swift in Sources */ = {isa = PBXBuildFile; fileRef = 06644E4B2AA225B400479AF6 /* ProductRow.swift */; };
		066C41892AB8A11200554B4E /* products.json in Resources */ = {isa = PBXBuildFile; fileRef = 066C41882AB8A11200554B4E /* products.json */; };
		067409932AB0B74000C063FE /* RatingView.swift in Sources */ = {isa = PBXBuildFile; fileRef = 067409922AB0B74000C063FE /* RatingView.swift */; };
		068F45EB2AB0C427007E19A0 /* StarView.swift in Sources */ = {isa = PBXBuildFile; fileRef = 068F45EA2AB0C427007E19A0 /* StarView.swift */; };
		069C96AF2AAB80140078A0F3 /* ErrorWrapper.swift in Sources */ = {isa = PBXBuildFile; fileRef = 069C96AE2AAB80140078A0F3 /* ErrorWrapper.swift */; };
		069C96B12AAB83880078A0F3 /* ErrorView.swift in Sources */ = {isa = PBXBuildFile; fileRef = 069C96B02AAB83880078A0F3 /* ErrorView.swift */; };
		06A351FB2AAF5FDD006ADCFD /* Numeric+extension.swift in Sources */ = {isa = PBXBuildFile; fileRef = 06A351FA2AAF5FDD006ADCFD /* Numeric+extension.swift */; };
		06A351FD2AAF7710006ADCFD /* AsyncIconView.swift in Sources */ = {isa = PBXBuildFile; fileRef = 06A351FC2AAF7710006ADCFD /* AsyncIconView.swift */; };
		C14C26092AB04A5A00E2332E /* DataService.swift in Sources */ = {isa = PBXBuildFile; fileRef = C14C26082AB04A5A00E2332E /* DataService.swift */; };
		C155CF802AAF3157002E3D69 /* Array+Extension.swift in Sources */ = {isa = PBXBuildFile; fileRef = C155CF7F2AAF3157002E3D69 /* Array+Extension.swift */; };
		C155CF822AAF31A8002E3D69 /* FavoriteProductView.swift in Sources */ = {isa = PBXBuildFile; fileRef = C155CF812AAF31A8002E3D69 /* FavoriteProductView.swift */; };
		C1F5C55E2A9B59C00011652F /* MainApp.swift in Sources */ = {isa = PBXBuildFile; fileRef = C1F5C55D2A9B59C00011652F /* MainApp.swift */; };
		C1F5C5602A9B59C00011652F /* ContentView.swift in Sources */ = {isa = PBXBuildFile; fileRef = C1F5C55F2A9B59C00011652F /* ContentView.swift */; };
		C1F5C5622A9B59C10011652F /* Assets.xcassets in Resources */ = {isa = PBXBuildFile; fileRef = C1F5C5612A9B59C10011652F /* Assets.xcassets */; };
		C1F5C5652A9B59C10011652F /* Preview Assets.xcassets in Resources */ = {isa = PBXBuildFile; fileRef = C1F5C5642A9B59C10011652F /* Preview Assets.xcassets */; };
		C1F5C56D2A9B59F50011652F /* WebService in Frameworks */ = {isa = PBXBuildFile; productRef = C1F5C56C2A9B59F50011652F /* WebService */; };
		C1F5C56F2A9B5A0D0011652F /* Product.swift in Sources */ = {isa = PBXBuildFile; fileRef = C1F5C56E2A9B5A0D0011652F /* Product.swift */; };
		C1F5C5712A9B5A5E0011652F /* AsyncService.swift in Sources */ = {isa = PBXBuildFile; fileRef = C1F5C5702A9B5A5E0011652F /* AsyncService.swift */; };
		C1F5C5752A9B5EAA0011652F /* ProductStore.swift in Sources */ = {isa = PBXBuildFile; fileRef = C1F5C5742A9B5EAA0011652F /* ProductStore.swift */; };
/* End PBXBuildFile section */

/* Begin PBXFileReference section */
		0607061D2AAB185D00A83D97 /* ProductDetailView.swift */ = {isa = PBXFileReference; lastKnownFileType = sourcecode.swift; path = ProductDetailView.swift; sourceTree = "<group>"; };
		06241E6A2AAC579800D44A1D /* NetworkError.swift */ = {isa = PBXFileReference; lastKnownFileType = sourcecode.swift; path = NetworkError.swift; sourceTree = "<group>"; };
		06241E6F2AAC5E6600D44A1D /* EndPoints.swift */ = {isa = PBXFileReference; lastKnownFileType = sourcecode.swift; path = EndPoints.swift; sourceTree = "<group>"; };
		06241E722AAC5EB400D44A1D /* Config.swift */ = {isa = PBXFileReference; fileEncoding = 4; lastKnownFileType = sourcecode.swift; path = Config.swift; sourceTree = "<group>"; };
		06241E752AAC5F6B00D44A1D /* Dev.xcconfig */ = {isa = PBXFileReference; lastKnownFileType = text.xcconfig; path = Dev.xcconfig; sourceTree = "<group>"; };
		06241E762AAC5F8000D44A1D /* Release.xcconfig */ = {isa = PBXFileReference; lastKnownFileType = text.xcconfig; path = Release.xcconfig; sourceTree = "<group>"; };
		06241E772AAC613000D44A1D /* Info.plist */ = {isa = PBXFileReference; lastKnownFileType = text.plist; path = Info.plist; sourceTree = "<group>"; };
		06241E792AAC83E900D44A1D /* NetworkMonitor.swift */ = {isa = PBXFileReference; fileEncoding = 4; lastKnownFileType = sourcecode.swift; path = NetworkMonitor.swift; sourceTree = "<group>"; };
		06241E7B2AAC84C600D44A1D /* NoInternetView.swift */ = {isa = PBXFileReference; lastKnownFileType = sourcecode.swift; path = NoInternetView.swift; sourceTree = "<group>"; };
		06241E7F2AAC995D00D44A1D /* NoInternetEnvKey.swift */ = {isa = PBXFileReference; lastKnownFileType = sourcecode.swift; path = NoInternetEnvKey.swift; sourceTree = "<group>"; };
		0663015B2AA25FE600CAFD55 /* PreviewLoader.swift */ = {isa = PBXFileReference; lastKnownFileType = sourcecode.swift; path = PreviewLoader.swift; sourceTree = "<group>"; };
		06644E432AA20F8000479AF6 /* ProductListView.swift */ = {isa = PBXFileReference; lastKnownFileType = sourcecode.swift; path = ProductListView.swift; sourceTree = "<group>"; };
		06644E452AA2115100479AF6 /* Image+extension.swift */ = {isa = PBXFileReference; lastKnownFileType = sourcecode.swift; path = "Image+extension.swift"; sourceTree = "<group>"; };
		06644E472AA211D900479AF6 /* View+extension.swift */ = {isa = PBXFileReference; lastKnownFileType = sourcecode.swift; path = "View+extension.swift"; sourceTree = "<group>"; };
		06644E4B2AA225B400479AF6 /* ProductRow.swift */ = {isa = PBXFileReference; lastKnownFileType = sourcecode.swift; path = ProductRow.swift; sourceTree = "<group>"; };
		066C41882AB8A11200554B4E /* products.json */ = {isa = PBXFileReference; fileEncoding = 4; lastKnownFileType = text.json; path = products.json; sourceTree = "<group>"; };
		067409922AB0B74000C063FE /* RatingView.swift */ = {isa = PBXFileReference; lastKnownFileType = sourcecode.swift; path = RatingView.swift; sourceTree = "<group>"; };
		068F45EA2AB0C427007E19A0 /* StarView.swift */ = {isa = PBXFileReference; lastKnownFileType = sourcecode.swift; path = StarView.swift; sourceTree = "<group>"; };
		069C96AE2AAB80140078A0F3 /* ErrorWrapper.swift */ = {isa = PBXFileReference; lastKnownFileType = sourcecode.swift; path = ErrorWrapper.swift; sourceTree = "<group>"; };
		069C96B02AAB83880078A0F3 /* ErrorView.swift */ = {isa = PBXFileReference; lastKnownFileType = sourcecode.swift; path = ErrorView.swift; sourceTree = "<group>"; };
		06A351FA2AAF5FDD006ADCFD /* Numeric+extension.swift */ = {isa = PBXFileReference; lastKnownFileType = sourcecode.swift; path = "Numeric+extension.swift"; sourceTree = "<group>"; };
		06A351FC2AAF7710006ADCFD /* AsyncIconView.swift */ = {isa = PBXFileReference; lastKnownFileType = sourcecode.swift; path = AsyncIconView.swift; sourceTree = "<group>"; };
		C14C26082AB04A5A00E2332E /* DataService.swift */ = {isa = PBXFileReference; lastKnownFileType = sourcecode.swift; path = DataService.swift; sourceTree = "<group>"; };
		C155CF7F2AAF3157002E3D69 /* Array+Extension.swift */ = {isa = PBXFileReference; lastKnownFileType = sourcecode.swift; path = "Array+Extension.swift"; sourceTree = "<group>"; };
		C155CF812AAF31A8002E3D69 /* FavoriteProductView.swift */ = {isa = PBXFileReference; lastKnownFileType = sourcecode.swift; path = FavoriteProductView.swift; sourceTree = "<group>"; };
		C1F5C55A2A9B59C00011652F /* PhoneShop.app */ = {isa = PBXFileReference; explicitFileType = wrapper.application; includeInIndex = 0; path = PhoneShop.app; sourceTree = BUILT_PRODUCTS_DIR; };
		C1F5C55D2A9B59C00011652F /* MainApp.swift */ = {isa = PBXFileReference; lastKnownFileType = sourcecode.swift; path = MainApp.swift; sourceTree = "<group>"; };
		C1F5C55F2A9B59C00011652F /* ContentView.swift */ = {isa = PBXFileReference; lastKnownFileType = sourcecode.swift; path = ContentView.swift; sourceTree = "<group>"; };
		C1F5C5612A9B59C10011652F /* Assets.xcassets */ = {isa = PBXFileReference; lastKnownFileType = folder.assetcatalog; path = Assets.xcassets; sourceTree = "<group>"; };
		C1F5C5642A9B59C10011652F /* Preview Assets.xcassets */ = {isa = PBXFileReference; lastKnownFileType = folder.assetcatalog; path = "Preview Assets.xcassets"; sourceTree = "<group>"; };
		C1F5C56E2A9B5A0D0011652F /* Product.swift */ = {isa = PBXFileReference; lastKnownFileType = sourcecode.swift; path = Product.swift; sourceTree = "<group>"; };
		C1F5C5702A9B5A5E0011652F /* AsyncService.swift */ = {isa = PBXFileReference; fileEncoding = 4; lastKnownFileType = sourcecode.swift; path = AsyncService.swift; sourceTree = "<group>"; };
		C1F5C5742A9B5EAA0011652F /* ProductStore.swift */ = {isa = PBXFileReference; lastKnownFileType = sourcecode.swift; path = ProductStore.swift; sourceTree = "<group>"; };
/* End PBXFileReference section */

/* Begin PBXFrameworksBuildPhase section */
		C1F5C5572A9B59C00011652F /* Frameworks */ = {
			isa = PBXFrameworksBuildPhase;
			buildActionMask = 2147483647;
			files = (
				06241E6E2AAC5DD600D44A1D /* URLRequestBuilder in Frameworks */,
				06354A232AA272A7002FBC91 /* NetworkImage in Frameworks */,
				0663015F2AA2600700CAFD55 /* MockDataBuilder in Frameworks */,
				C1F5C56D2A9B59F50011652F /* WebService in Frameworks */,
			);
			runOnlyForDeploymentPostprocessing = 0;
		};
/* End PBXFrameworksBuildPhase section */

/* Begin PBXGroup section */
		060427732AB8A5260004E9A7 /* Modules */ = {
			isa = PBXGroup;
			children = (
				060427742AB8A5300004E9A7 /* Products */,
			);
			path = Modules;
			sourceTree = "<group>";
		};
		060427742AB8A5300004E9A7 /* Products */ = {
			isa = PBXGroup;
			children = (
				066301572AA2564C00CAFD55 /* Store */,
				066301562AA2563200CAFD55 /* Views */,
				06354A252AA274A7002FBC91 /* Models */,
				060427752AB8A54F0004E9A7 /* DataService */,
			);
			path = Products;
			sourceTree = "<group>";
		};
		060427752AB8A54F0004E9A7 /* DataService */ = {
			isa = PBXGroup;
			children = (
				C1F5C5702A9B5A5E0011652F /* AsyncService.swift */,
			);
			path = DataService;
			sourceTree = "<group>";
		};
		06241E712AAC5EA800D44A1D /* Core */ = {
			isa = PBXGroup;
			children = (
				06241E722AAC5EB400D44A1D /* Config.swift */,
				C1F5C55D2A9B59C00011652F /* MainApp.swift */,
			);
			path = Core;
			sourceTree = "<group>";
		};
		06241E742AAC5F4700D44A1D /* Env */ = {
			isa = PBXGroup;
			children = (
				06241E752AAC5F6B00D44A1D /* Dev.xcconfig */,
				06241E762AAC5F8000D44A1D /* Release.xcconfig */,
			);
			path = Env;
			sourceTree = "<group>";
		};
		06241E782AAC670900D44A1D /* ErrorView */ = {
			isa = PBXGroup;
			children = (
				069C96AE2AAB80140078A0F3 /* ErrorWrapper.swift */,
				069C96B02AAB83880078A0F3 /* ErrorView.swift */,
				06241E7B2AAC84C600D44A1D /* NoInternetView.swift */,
				06241E7F2AAC995D00D44A1D /* NoInternetEnvKey.swift */,
				06A351FA2AAF5FDD006ADCFD /* Numeric+extension.swift */,
			);
			path = ErrorView;
			sourceTree = "<group>";
		};
		06354A242AA27492002FBC91 /* Service */ = {
			isa = PBXGroup;
			children = (
				06241E6A2AAC579800D44A1D /* NetworkError.swift */,
				06241E6F2AAC5E6600D44A1D /* EndPoints.swift */,
				C14C26082AB04A5A00E2332E /* DataService.swift */,
			);
			path = Service;
			sourceTree = "<group>";
		};
		06354A252AA274A7002FBC91 /* Models */ = {
			isa = PBXGroup;
			children = (
				C1F5C56E2A9B5A0D0011652F /* Product.swift */,
			);
			path = Models;
			sourceTree = "<group>";
		};
		06354A262AA274B5002FBC91 /* Helpers */ = {
			isa = PBXGroup;
			children = (
				06354A242AA27492002FBC91 /* Service */,
				067409912AB0B72700C063FE /* RatingView */,
				06241E782AAC670900D44A1D /* ErrorView */,
				06241E792AAC83E900D44A1D /* NetworkMonitor.swift */,
				06644E452AA2115100479AF6 /* Image+extension.swift */,
				06644E472AA211D900479AF6 /* View+extension.swift */,
				C155CF7F2AAF3157002E3D69 /* Array+Extension.swift */,
			);
			path = Helpers;
			sourceTree = "<group>";
		};
		066301562AA2563200CAFD55 /* Views */ = {
			isa = PBXGroup;
			children = (
				06644E4B2AA225B400479AF6 /* ProductRow.swift */,
				C1F5C55F2A9B59C00011652F /* ContentView.swift */,
				06644E432AA20F8000479AF6 /* ProductListView.swift */,
				0607061D2AAB185D00A83D97 /* ProductDetailView.swift */,
				C155CF812AAF31A8002E3D69 /* FavoriteProductView.swift */,
				06A351FC2AAF7710006ADCFD /* AsyncIconView.swift */,
			);
			path = Views;
			sourceTree = "<group>";
		};
		066301572AA2564C00CAFD55 /* Store */ = {
			isa = PBXGroup;
			children = (
				C1F5C5742A9B5EAA0011652F /* ProductStore.swift */,
			);
			path = Store;
			sourceTree = "<group>";
		};
		066C41872AB8A10500554B4E /* Data */ = {
			isa = PBXGroup;
			children = (
				066C41882AB8A11200554B4E /* products.json */,
			);
			path = Data;
			sourceTree = "<group>";
		};
		067409912AB0B72700C063FE /* RatingView */ = {
			isa = PBXGroup;
			children = (
				067409922AB0B74000C063FE /* RatingView.swift */,
				068F45EA2AB0C427007E19A0 /* StarView.swift */,
			);
			path = RatingView;
			sourceTree = "<group>";
		};
		C1F5C5512A9B59BF0011652F = {
			isa = PBXGroup;
			children = (
				C1F5C55C2A9B59C00011652F /* PhoneShop */,
				C1F5C55B2A9B59C00011652F /* Products */,
			);
			sourceTree = "<group>";
		};
		C1F5C55B2A9B59C00011652F /* Products */ = {
			isa = PBXGroup;
			children = (
				C1F5C55A2A9B59C00011652F /* PhoneShop.app */,
			);
			name = Products;
			sourceTree = "<group>";
		};
		C1F5C55C2A9B59C00011652F /* PhoneShop */ = {
			isa = PBXGroup;
			children = (
				060427732AB8A5260004E9A7 /* Modules */,
				06241E712AAC5EA800D44A1D /* Core */,
				06354A262AA274B5002FBC91 /* Helpers */,
				06241E742AAC5F4700D44A1D /* Env */,
				C1F5C5612A9B59C10011652F /* Assets.xcassets */,
				06241E772AAC613000D44A1D /* Info.plist */,
				C1F5C5632A9B59C10011652F /* Preview Content */,
			);
			path = PhoneShop;
			sourceTree = "<group>";
		};
		C1F5C5632A9B59C10011652F /* Preview Content */ = {
			isa = PBXGroup;
			children = (
				066C41872AB8A10500554B4E /* Data */,
				C1F5C5642A9B59C10011652F /* Preview Assets.xcassets */,
				0663015B2AA25FE600CAFD55 /* PreviewLoader.swift */,
			);
			path = "Preview Content";
			sourceTree = "<group>";
		};
/* End PBXGroup section */

/* Begin PBXNativeTarget section */
		C1F5C5592A9B59C00011652F /* PhoneShop */ = {
			isa = PBXNativeTarget;
			buildConfigurationList = C1F5C5682A9B59C10011652F /* Build configuration list for PBXNativeTarget "PhoneShop" */;
			buildPhases = (
				C1F5C5562A9B59C00011652F /* Sources */,
				C1F5C5572A9B59C00011652F /* Frameworks */,
				C1F5C5582A9B59C00011652F /* Resources */,
			);
			buildRules = (
			);
			dependencies = (
			);
			name = PhoneShop;
			packageProductDependencies = (
				C1F5C56C2A9B59F50011652F /* WebService */,
				0663015E2AA2600700CAFD55 /* MockDataBuilder */,
				06354A222AA272A7002FBC91 /* NetworkImage */,
				06241E6D2AAC5DD600D44A1D /* URLRequestBuilder */,
			);
			productName = ListAsyncImageCache;
			productReference = C1F5C55A2A9B59C00011652F /* PhoneShop.app */;
			productType = "com.apple.product-type.application";
		};
/* End PBXNativeTarget section */

/* Begin PBXProject section */
		C1F5C5522A9B59BF0011652F /* Project object */ = {
			isa = PBXProject;
			attributes = {
				BuildIndependentTargetsInParallel = 1;
				LastSwiftUpdateCheck = 1430;
				LastUpgradeCheck = 1430;
				TargetAttributes = {
					C1F5C5592A9B59C00011652F = {
						CreatedOnToolsVersion = 14.3.1;
					};
				};
			};
			buildConfigurationList = C1F5C5552A9B59BF0011652F /* Build configuration list for PBXProject "PhoneShop" */;
			compatibilityVersion = "Xcode 14.0";
			developmentRegion = en;
			hasScannedForEncodings = 0;
			knownRegions = (
				en,
				Base,
			);
			mainGroup = C1F5C5512A9B59BF0011652F;
			packageReferences = (
				C1F5C56B2A9B59F50011652F /* XCRemoteSwiftPackageReference "WebService" */,
				0663015D2AA2600700CAFD55 /* XCRemoteSwiftPackageReference "MockDataBuilder" */,
				06354A212AA272A7002FBC91 /* XCRemoteSwiftPackageReference "NetworkImage" */,
				06241E6C2AAC5DD600D44A1D /* XCRemoteSwiftPackageReference "URLRequestBuilder" */,
			);
			productRefGroup = C1F5C55B2A9B59C00011652F /* Products */;
			projectDirPath = "";
			projectRoot = "";
			targets = (
				C1F5C5592A9B59C00011652F /* PhoneShop */,
			);
		};
/* End PBXProject section */

/* Begin PBXResourcesBuildPhase section */
		C1F5C5582A9B59C00011652F /* Resources */ = {
			isa = PBXResourcesBuildPhase;
			buildActionMask = 2147483647;
			files = (
				066C41892AB8A11200554B4E /* products.json in Resources */,
				C1F5C5652A9B59C10011652F /* Preview Assets.xcassets in Resources */,
				C1F5C5622A9B59C10011652F /* Assets.xcassets in Resources */,
			);
			runOnlyForDeploymentPostprocessing = 0;
		};
/* End PBXResourcesBuildPhase section */

/* Begin PBXSourcesBuildPhase section */
		C1F5C5562A9B59C00011652F /* Sources */ = {
			isa = PBXSourcesBuildPhase;
			buildActionMask = 2147483647;
			files = (
				069C96AF2AAB80140078A0F3 /* ErrorWrapper.swift in Sources */,
				06241E702AAC5E6600D44A1D /* EndPoints.swift in Sources */,
				068F45EB2AB0C427007E19A0 /* StarView.swift in Sources */,
				06A351FB2AAF5FDD006ADCFD /* Numeric+extension.swift in Sources */,
				06241E6B2AAC579800D44A1D /* NetworkError.swift in Sources */,
				06644E462AA2115100479AF6 /* Image+extension.swift in Sources */,
				06644E442AA20F8000479AF6 /* ProductListView.swift in Sources */,
				C1F5C5602A9B59C00011652F /* ContentView.swift in Sources */,
				0663015C2AA25FE600CAFD55 /* PreviewLoader.swift in Sources */,
				067409932AB0B74000C063FE /* RatingView.swift in Sources */,
				06A351FD2AAF7710006ADCFD /* AsyncIconView.swift in Sources */,
				0607061E2AAB185D00A83D97 /* ProductDetailView.swift in Sources */,
				06241E7C2AAC84C600D44A1D /* NoInternetView.swift in Sources */,
				06644E482AA211D900479AF6 /* View+extension.swift in Sources */,
				C1F5C55E2A9B59C00011652F /* MainApp.swift in Sources */,
				C155CF802AAF3157002E3D69 /* Array+Extension.swift in Sources */,
				06241E7A2AAC83E900D44A1D /* NetworkMonitor.swift in Sources */,
				C14C26092AB04A5A00E2332E /* DataService.swift in Sources */,
				C1F5C5712A9B5A5E0011652F /* AsyncService.swift in Sources */,
				06644E4C2AA225B400479AF6 /* ProductRow.swift in Sources */,
				069C96B12AAB83880078A0F3 /* ErrorView.swift in Sources */,
				06241E732AAC5EB400D44A1D /* Config.swift in Sources */,
				C155CF822AAF31A8002E3D69 /* FavoriteProductView.swift in Sources */,
				C1F5C5752A9B5EAA0011652F /* ProductStore.swift in Sources */,
				C1F5C56F2A9B5A0D0011652F /* Product.swift in Sources */,
				06241E802AAC995D00D44A1D /* NoInternetEnvKey.swift in Sources */,
			);
			runOnlyForDeploymentPostprocessing = 0;
		};
/* End PBXSourcesBuildPhase section */

/* Begin XCBuildConfiguration section */
		C1F5C5662A9B59C10011652F /* Debug */ = {
			isa = XCBuildConfiguration;
			baseConfigurationReference = 06241E752AAC5F6B00D44A1D /* Dev.xcconfig */;
			buildSettings = {
				ALWAYS_SEARCH_USER_PATHS = NO;
				CLANG_ANALYZER_NONNULL = YES;
				CLANG_ANALYZER_NUMBER_OBJECT_CONVERSION = YES_AGGRESSIVE;
				CLANG_CXX_LANGUAGE_STANDARD = "gnu++20";
				CLANG_ENABLE_MODULES = YES;
				CLANG_ENABLE_OBJC_ARC = YES;
				CLANG_ENABLE_OBJC_WEAK = YES;
				CLANG_WARN_BLOCK_CAPTURE_AUTORELEASING = YES;
				CLANG_WARN_BOOL_CONVERSION = YES;
				CLANG_WARN_COMMA = YES;
				CLANG_WARN_CONSTANT_CONVERSION = YES;
				CLANG_WARN_DEPRECATED_OBJC_IMPLEMENTATIONS = YES;
				CLANG_WARN_DIRECT_OBJC_ISA_USAGE = YES_ERROR;
				CLANG_WARN_DOCUMENTATION_COMMENTS = YES;
				CLANG_WARN_EMPTY_BODY = YES;
				CLANG_WARN_ENUM_CONVERSION = YES;
				CLANG_WARN_INFINITE_RECURSION = YES;
				CLANG_WARN_INT_CONVERSION = YES;
				CLANG_WARN_NON_LITERAL_NULL_CONVERSION = YES;
				CLANG_WARN_OBJC_IMPLICIT_RETAIN_SELF = YES;
				CLANG_WARN_OBJC_LITERAL_CONVERSION = YES;
				CLANG_WARN_OBJC_ROOT_CLASS = YES_ERROR;
				CLANG_WARN_QUOTED_INCLUDE_IN_FRAMEWORK_HEADER = YES;
				CLANG_WARN_RANGE_LOOP_ANALYSIS = YES;
				CLANG_WARN_STRICT_PROTOTYPES = YES;
				CLANG_WARN_SUSPICIOUS_MOVE = YES;
				CLANG_WARN_UNGUARDED_AVAILABILITY = YES_AGGRESSIVE;
				CLANG_WARN_UNREACHABLE_CODE = YES;
				CLANG_WARN__DUPLICATE_METHOD_MATCH = YES;
				COPY_PHASE_STRIP = NO;
				DEBUG_INFORMATION_FORMAT = dwarf;
				ENABLE_STRICT_OBJC_MSGSEND = YES;
				ENABLE_TESTABILITY = YES;
				GCC_C_LANGUAGE_STANDARD = gnu11;
				GCC_DYNAMIC_NO_PIC = NO;
				GCC_NO_COMMON_BLOCKS = YES;
				GCC_OPTIMIZATION_LEVEL = 0;
				GCC_PREPROCESSOR_DEFINITIONS = (
					"DEBUG=1",
					"$(inherited)",
				);
				GCC_WARN_64_TO_32_BIT_CONVERSION = YES;
				GCC_WARN_ABOUT_RETURN_TYPE = YES_ERROR;
				GCC_WARN_UNDECLARED_SELECTOR = YES;
				GCC_WARN_UNINITIALIZED_AUTOS = YES_AGGRESSIVE;
				GCC_WARN_UNUSED_FUNCTION = YES;
				GCC_WARN_UNUSED_VARIABLE = YES;
				IPHONEOS_DEPLOYMENT_TARGET = 16.0;
				MTL_ENABLE_DEBUG_INFO = INCLUDE_SOURCE;
				MTL_FAST_MATH = YES;
				ONLY_ACTIVE_ARCH = YES;
				SDKROOT = iphoneos;
				SWIFT_ACTIVE_COMPILATION_CONDITIONS = DEBUG;
				SWIFT_OPTIMIZATION_LEVEL = "-Onone";
			};
			name = Debug;
		};
		C1F5C5672A9B59C10011652F /* Release */ = {
			isa = XCBuildConfiguration;
			baseConfigurationReference = 06241E762AAC5F8000D44A1D /* Release.xcconfig */;
			buildSettings = {
				ALWAYS_SEARCH_USER_PATHS = NO;
				CLANG_ANALYZER_NONNULL = YES;
				CLANG_ANALYZER_NUMBER_OBJECT_CONVERSION = YES_AGGRESSIVE;
				CLANG_CXX_LANGUAGE_STANDARD = "gnu++20";
				CLANG_ENABLE_MODULES = YES;
				CLANG_ENABLE_OBJC_ARC = YES;
				CLANG_ENABLE_OBJC_WEAK = YES;
				CLANG_WARN_BLOCK_CAPTURE_AUTORELEASING = YES;
				CLANG_WARN_BOOL_CONVERSION = YES;
				CLANG_WARN_COMMA = YES;
				CLANG_WARN_CONSTANT_CONVERSION = YES;
				CLANG_WARN_DEPRECATED_OBJC_IMPLEMENTATIONS = YES;
				CLANG_WARN_DIRECT_OBJC_ISA_USAGE = YES_ERROR;
				CLANG_WARN_DOCUMENTATION_COMMENTS = YES;
				CLANG_WARN_EMPTY_BODY = YES;
				CLANG_WARN_ENUM_CONVERSION = YES;
				CLANG_WARN_INFINITE_RECURSION = YES;
				CLANG_WARN_INT_CONVERSION = YES;
				CLANG_WARN_NON_LITERAL_NULL_CONVERSION = YES;
				CLANG_WARN_OBJC_IMPLICIT_RETAIN_SELF = YES;
				CLANG_WARN_OBJC_LITERAL_CONVERSION = YES;
				CLANG_WARN_OBJC_ROOT_CLASS = YES_ERROR;
				CLANG_WARN_QUOTED_INCLUDE_IN_FRAMEWORK_HEADER = YES;
				CLANG_WARN_RANGE_LOOP_ANALYSIS = YES;
				CLANG_WARN_STRICT_PROTOTYPES = YES;
				CLANG_WARN_SUSPICIOUS_MOVE = YES;
				CLANG_WARN_UNGUARDED_AVAILABILITY = YES_AGGRESSIVE;
				CLANG_WARN_UNREACHABLE_CODE = YES;
				CLANG_WARN__DUPLICATE_METHOD_MATCH = YES;
				COPY_PHASE_STRIP = NO;
				DEBUG_INFORMATION_FORMAT = "dwarf-with-dsym";
				ENABLE_NS_ASSERTIONS = NO;
				ENABLE_STRICT_OBJC_MSGSEND = YES;
				GCC_C_LANGUAGE_STANDARD = gnu11;
				GCC_NO_COMMON_BLOCKS = YES;
				GCC_WARN_64_TO_32_BIT_CONVERSION = YES;
				GCC_WARN_ABOUT_RETURN_TYPE = YES_ERROR;
				GCC_WARN_UNDECLARED_SELECTOR = YES;
				GCC_WARN_UNINITIALIZED_AUTOS = YES_AGGRESSIVE;
				GCC_WARN_UNUSED_FUNCTION = YES;
				GCC_WARN_UNUSED_VARIABLE = YES;
				IPHONEOS_DEPLOYMENT_TARGET = 16.0;
				MTL_ENABLE_DEBUG_INFO = NO;
				MTL_FAST_MATH = YES;
				SDKROOT = iphoneos;
				SWIFT_COMPILATION_MODE = wholemodule;
				SWIFT_OPTIMIZATION_LEVEL = "-O";
				VALIDATE_PRODUCT = YES;
			};
			name = Release;
		};
		C1F5C5692A9B59C10011652F /* Debug */ = {
			isa = XCBuildConfiguration;
			buildSettings = {
				ASSETCATALOG_COMPILER_APPICON_NAME = AppIcon;
				ASSETCATALOG_COMPILER_GLOBAL_ACCENT_COLOR_NAME = AccentColor;
				CODE_SIGN_STYLE = Automatic;
				CURRENT_PROJECT_VERSION = 1;
				DEVELOPMENT_ASSET_PATHS = "\"PhoneShop/Preview Content\"";
				DEVELOPMENT_TEAM = C45ULJ38MY;
				ENABLE_PREVIEWS = YES;
				GENERATE_INFOPLIST_FILE = YES;
				INFOPLIST_FILE = PhoneShop/Info.plist;
				INFOPLIST_KEY_UIApplicationSceneManifest_Generation = YES;
				INFOPLIST_KEY_UIApplicationSupportsIndirectInputEvents = YES;
				INFOPLIST_KEY_UILaunchScreen_Generation = YES;
				INFOPLIST_KEY_UISupportedInterfaceOrientations_iPad = "UIInterfaceOrientationPortrait UIInterfaceOrientationPortraitUpsideDown UIInterfaceOrientationLandscapeLeft UIInterfaceOrientationLandscapeRight";
				INFOPLIST_KEY_UISupportedInterfaceOrientations_iPhone = "UIInterfaceOrientationPortrait UIInterfaceOrientationLandscapeLeft UIInterfaceOrientationLandscapeRight";
				LD_RUNPATH_SEARCH_PATHS = (
					"$(inherited)",
					"@executable_path/Frameworks",
				);
				MARKETING_VERSION = 1.0;
				PRODUCT_BUNDLE_IDENTIFIER = com.tiger.ListAsyncImageCache;
				PRODUCT_NAME = "$(TARGET_NAME)";
				SWIFT_EMIT_LOC_STRINGS = YES;
				SWIFT_VERSION = 5.0;
				TARGETED_DEVICE_FAMILY = "1,2";
			};
			name = Debug;
		};
		C1F5C56A2A9B59C10011652F /* Release */ = {
			isa = XCBuildConfiguration;
			buildSettings = {
				ASSETCATALOG_COMPILER_APPICON_NAME = AppIcon;
				ASSETCATALOG_COMPILER_GLOBAL_ACCENT_COLOR_NAME = AccentColor;
				CODE_SIGN_STYLE = Automatic;
				CURRENT_PROJECT_VERSION = 1;
				DEVELOPMENT_ASSET_PATHS = "\"PhoneShop/Preview Content\"";
				DEVELOPMENT_TEAM = C45ULJ38MY;
				ENABLE_PREVIEWS = YES;
				GENERATE_INFOPLIST_FILE = YES;
				INFOPLIST_FILE = PhoneShop/Info.plist;
				INFOPLIST_KEY_UIApplicationSceneManifest_Generation = YES;
				INFOPLIST_KEY_UIApplicationSupportsIndirectInputEvents = YES;
				INFOPLIST_KEY_UILaunchScreen_Generation = YES;
				INFOPLIST_KEY_UISupportedInterfaceOrientations_iPad = "UIInterfaceOrientationPortrait UIInterfaceOrientationPortraitUpsideDown UIInterfaceOrientationLandscapeLeft UIInterfaceOrientationLandscapeRight";
				INFOPLIST_KEY_UISupportedInterfaceOrientations_iPhone = "UIInterfaceOrientationPortrait UIInterfaceOrientationLandscapeLeft UIInterfaceOrientationLandscapeRight";
				LD_RUNPATH_SEARCH_PATHS = (
					"$(inherited)",
					"@executable_path/Frameworks",
				);
				MARKETING_VERSION = 1.0;
				PRODUCT_BUNDLE_IDENTIFIER = com.tiger.ListAsyncImageCache;
				PRODUCT_NAME = "$(TARGET_NAME)";
				SWIFT_EMIT_LOC_STRINGS = YES;
				SWIFT_VERSION = 5.0;
				TARGETED_DEVICE_FAMILY = "1,2";
			};
			name = Release;
		};
/* End XCBuildConfiguration section */

/* Begin XCConfigurationList section */
		C1F5C5552A9B59BF0011652F /* Build configuration list for PBXProject "PhoneShop" */ = {
			isa = XCConfigurationList;
			buildConfigurations = (
				C1F5C5662A9B59C10011652F /* Debug */,
				C1F5C5672A9B59C10011652F /* Release */,
			);
			defaultConfigurationIsVisible = 0;
			defaultConfigurationName = Debug;
		};
		C1F5C5682A9B59C10011652F /* Build configuration list for PBXNativeTarget "PhoneShop" */ = {
			isa = XCConfigurationList;
			buildConfigurations = (
				C1F5C5692A9B59C10011652F /* Debug */,
				C1F5C56A2A9B59C10011652F /* Release */,
			);
			defaultConfigurationIsVisible = 0;
			defaultConfigurationName = Debug;
		};
/* End XCConfigurationList section */

/* Begin XCRemoteSwiftPackageReference section */
		06241E6C2AAC5DD600D44A1D /* XCRemoteSwiftPackageReference "URLRequestBuilder" */ = {
			isa = XCRemoteSwiftPackageReference;
			repositoryURL = "https://github.com/binarysid/URLRequestBuilder";
			requirement = {
				kind = upToNextMajorVersion;
				minimumVersion = 1.0.1;
			};
		};
		06354A212AA272A7002FBC91 /* XCRemoteSwiftPackageReference "NetworkImage" */ = {
			isa = XCRemoteSwiftPackageReference;
			repositoryURL = "https://github.com/binarysid/NetworkImage/";
			requirement = {
				kind = upToNextMajorVersion;
				minimumVersion = 1.0.3;
			};
		};
		0663015D2AA2600700CAFD55 /* XCRemoteSwiftPackageReference "MockDataBuilder" */ = {
			isa = XCRemoteSwiftPackageReference;
			repositoryURL = "https://github.com/binarysid/MockDataBuilder";
			requirement = {
				kind = upToNextMajorVersion;
				minimumVersion = 1.0.1;
			};
		};
		C1F5C56B2A9B59F50011652F /* XCRemoteSwiftPackageReference "WebService" */ = {
			isa = XCRemoteSwiftPackageReference;
			repositoryURL = "https://github.com/binarysid/WebService";
			requirement = {
				kind = upToNextMajorVersion;
				minimumVersion = 1.0.4;
			};
		};
/* End XCRemoteSwiftPackageReference section */

/* Begin XCSwiftPackageProductDependency section */
		06241E6D2AAC5DD600D44A1D /* URLRequestBuilder */ = {
			isa = XCSwiftPackageProductDependency;
			package = 06241E6C2AAC5DD600D44A1D /* XCRemoteSwiftPackageReference "URLRequestBuilder" */;
			productName = URLRequestBuilder;
		};
		06354A222AA272A7002FBC91 /* NetworkImage */ = {
			isa = XCSwiftPackageProductDependency;
			package = 06354A212AA272A7002FBC91 /* XCRemoteSwiftPackageReference "NetworkImage" */;
			productName = NetworkImage;
		};
		0663015E2AA2600700CAFD55 /* MockDataBuilder */ = {
			isa = XCSwiftPackageProductDependency;
			package = 0663015D2AA2600700CAFD55 /* XCRemoteSwiftPackageReference "MockDataBuilder" */;
			productName = MockDataBuilder;
		};
		C1F5C56C2A9B59F50011652F /* WebService */ = {
			isa = XCSwiftPackageProductDependency;
			package = C1F5C56B2A9B59F50011652F /* XCRemoteSwiftPackageReference "WebService" */;
			productName = WebService;
		};
/* End XCSwiftPackageProductDependency section */
	};
	rootObject = C1F5C5522A9B59BF0011652F /* Project object */;
}
